{
  "pins" : [
    {
      "identity" : "nwwebsocket",
      "kind" : "remoteSourceControl",
      "location" : "https://github.com/pusher/NWWebSocket.git",
      "state" : {
        "revision" : "19d23951c8099304ad98e2fc762fa23d6bfab0b9",
        "version" : "0.5.3"
      }
    },
    {
      "identity" : "swiftui-introspect",
      "kind" : "remoteSourceControl",
      "location" : "https://github.com/siteline/SwiftUI-Introspect",
      "state" : {
        "revision" : "5b3f3996c7a2a84d5f4ba0e03cd7d584154778f2",
        "version" : "0.3.1"
      }
    },
    {
      "identity" : "swiftui-navigation-transitions",
      "kind" : "remoteSourceControl",
      "location" : "https://github.com/davdroman/swiftui-navigation-transitions",
      "state" : {
        "revision" : "df1c4e432c5e584cd6d6849c069d3df9ca7e86d8",
        "version" : "0.9.0"
      }
    }
  ],
  "version" : 2
}
